
Microsoft Visual Studio Solution File, Format Version 12.00
# Visual Studio Version 17
VisualStudioVersion = 17.0.31903.59
MinimumVisualStudioVersion = 10.0.40219.1
Project("{9A19103F-16F7-4668-BE54-9A1E7A4F7556}") = "csharp-mvc-in-memory-data-store.Main", "csharp-mvc-in-memory-data-store.Main\csharp-mvc-in-memory-data-store.Main.csproj", "{B72B6198-8090-4C72-A9EC-7673DC94FC42}"
EndProject
Project("{9A19103F-16F7-4668-BE54-9A1E7A4F7556}") = "csharp-mvc-in-memory-data-store.Test", "csharp-mvc-in-memory-data-store.Test\csharp-mvc-in-memory-data-store.Test.csproj", "{CA1A547E-8277-4B72-AD91-C9278D53DD90}"
EndProject
Project("{2150E333-8FDC-42A3-9474-1A3956D46DE8}") = "Solution Items", "Solution Items", "{0BC64834-9ADC-4059-93E3-8D15AEC19D9A}"
	ProjectSection(SolutionItems) = preProject
		Extension.html = Extension.html
		index.html = index.html
		docs\openapi-core.yml = docs\openapi-core.yml
		docs\openapi-ext.yml = docs\openapi-ext.yml
	EndProjectSection
EndProject
Global
	GlobalSection(SolutionConfigurationPlatforms) = preSolution
		Debug|Any CPU = Debug|Any CPU
		Release|Any CPU = Release|Any CPU
	EndGlobalSection
	GlobalSection(ProjectConfigurationPlatforms) = postSolution
		{B72B6198-8090-4C72-A9EC-7673DC94FC42}.Debug|Any CPU.ActiveCfg = Debug|Any CPU
		{B72B6198-8090-4C72-A9EC-7673DC94FC42}.Debug|Any CPU.Build.0 = Debug|Any CPU
		{B72B6198-8090-4C72-A9EC-7673DC94FC42}.Release|Any CPU.ActiveCfg = Release|Any CPU
		{B72B6198-8090-4C72-A9EC-7673DC94FC42}.Release|Any CPU.Build.0 = Release|Any CPU
		{CA1A547E-8277-4B72-AD91-C9278D53DD90}.Debug|Any CPU.ActiveCfg = Debug|Any CPU
		{CA1A547E-8277-4B72-AD91-C9278D53DD90}.Debug|Any CPU.Build.0 = Debug|Any CPU
		{CA1A547E-8277-4B72-AD91-C9278D53DD90}.Release|Any CPU.ActiveCfg = Release|Any CPU
		{CA1A547E-8277-4B72-AD91-C9278D53DD90}.Release|Any CPU.Build.0 = Release|Any CPU
	EndGlobalSection
	GlobalSection(SolutionProperties) = preSolution
		HideSolutionNode = FALSE
	EndGlobalSection
	GlobalSection(ExtensibilityGlobals) = postSolution
		SolutionGuid = {6FD623C2-4916-4249-B9AF-9CEFF97A16A9}
	EndGlobalSection
EndGlobal
